// !$*UTF8*$!
{
	archiveVersion = 1;
	classes = {
	};
	objectVersion = 46;
	objects = {

/* Begin PBXBuildFile section */
		AF57CCBD7894E2EA55DCC531 /* Pods_Handshake.framework in Frameworks */ = {isa = PBXBuildFile; fileRef = 6C535288EE370B036460253A /* Pods_Handshake.framework */; };
		B618EB011C81A0280016D8AB /* shake.png in Resources */ = {isa = PBXBuildFile; fileRef = B618EB001C81A0280016D8AB /* shake.png */; };
		B618EB031C81A2B70016D8AB /* WelcomeViewController.swift in Sources */ = {isa = PBXBuildFile; fileRef = B618EB021C81A2B70016D8AB /* WelcomeViewController.swift */; };
		B618EB051C81A4900016D8AB /* LoadingViewController.swift in Sources */ = {isa = PBXBuildFile; fileRef = B618EB041C81A4900016D8AB /* LoadingViewController.swift */; };
		B618EB071C81AAF40016D8AB /* defaultprofilepic.jpeg in Resources */ = {isa = PBXBuildFile; fileRef = B618EB061C81AAF40016D8AB /* defaultprofilepic.jpeg */; };
		B618EB091C81ADD70016D8AB /* ConfirmViewController.swift in Sources */ = {isa = PBXBuildFile; fileRef = B618EB081C81ADD70016D8AB /* ConfirmViewController.swift */; };
		D0F177A81C818A5C00691260 /* AppDelegate.swift in Sources */ = {isa = PBXBuildFile; fileRef = D0F177A71C818A5C00691260 /* AppDelegate.swift */; };
		D0F177AA1C818A5C00691260 /* MainViewController.swift in Sources */ = {isa = PBXBuildFile; fileRef = D0F177A91C818A5C00691260 /* MainViewController.swift */; };
		D0F177AD1C818A5C00691260 /* Main.storyboard in Resources */ = {isa = PBXBuildFile; fileRef = D0F177AB1C818A5C00691260 /* Main.storyboard */; };
		D0F177B01C818A5C00691260 /* Handshake.xcdatamodeld in Sources */ = {isa = PBXBuildFile; fileRef = D0F177AE1C818A5C00691260 /* Handshake.xcdatamodeld */; };
		D0F177B21C818A5C00691260 /* Assets.xcassets in Resources */ = {isa = PBXBuildFile; fileRef = D0F177B11C818A5C00691260 /* Assets.xcassets */; };
		D0F177B51C818A5C00691260 /* LaunchScreen.storyboard in Resources */ = {isa = PBXBuildFile; fileRef = D0F177B31C818A5C00691260 /* LaunchScreen.storyboard */; };
		D0F177C01C818A5D00691260 /* HandshakeTests.swift in Sources */ = {isa = PBXBuildFile; fileRef = D0F177BF1C818A5D00691260 /* HandshakeTests.swift */; };
		D0F177CB1C818A5D00691260 /* HandshakeUITests.swift in Sources */ = {isa = PBXBuildFile; fileRef = D0F177CA1C818A5D00691260 /* HandshakeUITests.swift */; };
		D0F177DA1C818DA300691260 /* Person+CoreDataProperties.swift in Sources */ = {isa = PBXBuildFile; fileRef = D0F177D81C818DA300691260 /* Person+CoreDataProperties.swift */; };
		D0F177DB1C818DA300691260 /* Person.swift in Sources */ = {isa = PBXBuildFile; fileRef = D0F177D91C818DA300691260 /* Person.swift */; };
/* End PBXBuildFile section */

/* Begin PBXContainerItemProxy section */
		D0F177BC1C818A5D00691260 /* PBXContainerItemProxy */ = {
			isa = PBXContainerItemProxy;
			containerPortal = D0F1779C1C818A5C00691260 /* Project object */;
			proxyType = 1;
			remoteGlobalIDString = D0F177A31C818A5C00691260;
			remoteInfo = Handshake;
		};
		D0F177C71C818A5D00691260 /* PBXContainerItemProxy */ = {
			isa = PBXContainerItemProxy;
			containerPortal = D0F1779C1C818A5C00691260 /* Project object */;
			proxyType = 1;
			remoteGlobalIDString = D0F177A31C818A5C00691260;
			remoteInfo = Handshake;
		};
/* End PBXContainerItemProxy section */

/* Begin PBXFileReference section */
		6C535288EE370B036460253A /* Pods_Handshake.framework */ = {isa = PBXFileReference; explicitFileType = wrapper.framework; includeInIndex = 0; path = Pods_Handshake.framework; sourceTree = BUILT_PRODUCTS_DIR; };
		954C554606652D384032EDC1 /* Pods-Handshake.release.xcconfig */ = {isa = PBXFileReference; includeInIndex = 1; lastKnownFileType = text.xcconfig; name = "Pods-Handshake.release.xcconfig"; path = "Pods/Target Support Files/Pods-Handshake/Pods-Handshake.release.xcconfig"; sourceTree = "<group>"; };
		B618EAFF1C81970C0016D8AB /* Bridging-Header.h */ = {isa = PBXFileReference; lastKnownFileType = sourcecode.c.h; path = "Bridging-Header.h"; sourceTree = "<group>"; };
		B618EB001C81A0280016D8AB /* shake.png */ = {isa = PBXFileReference; lastKnownFileType = image.png; name = shake.png; path = Handshake/shake.png; sourceTree = "<group>"; };
		B618EB021C81A2B70016D8AB /* WelcomeViewController.swift */ = {isa = PBXFileReference; fileEncoding = 4; lastKnownFileType = sourcecode.swift; path = WelcomeViewController.swift; sourceTree = "<group>"; };
		B618EB041C81A4900016D8AB /* LoadingViewController.swift */ = {isa = PBXFileReference; fileEncoding = 4; lastKnownFileType = sourcecode.swift; path = LoadingViewController.swift; sourceTree = "<group>"; };
		B618EB061C81AAF40016D8AB /* defaultprofilepic.jpeg */ = {isa = PBXFileReference; lastKnownFileType = image.jpeg; path = defaultprofilepic.jpeg; sourceTree = "<group>"; };
		B618EB081C81ADD70016D8AB /* ConfirmViewController.swift */ = {isa = PBXFileReference; fileEncoding = 4; lastKnownFileType = sourcecode.swift; path = ConfirmViewController.swift; sourceTree = "<group>"; };
		D0F177A41C818A5C00691260 /* Handshake.app */ = {isa = PBXFileReference; explicitFileType = wrapper.application; includeInIndex = 0; path = Handshake.app; sourceTree = BUILT_PRODUCTS_DIR; };
		D0F177A71C818A5C00691260 /* AppDelegate.swift */ = {isa = PBXFileReference; lastKnownFileType = sourcecode.swift; path = AppDelegate.swift; sourceTree = "<group>"; };
		D0F177A91C818A5C00691260 /* MainViewController.swift */ = {isa = PBXFileReference; lastKnownFileType = sourcecode.swift; path = MainViewController.swift; sourceTree = "<group>"; };
		D0F177AC1C818A5C00691260 /* Base */ = {isa = PBXFileReference; lastKnownFileType = file.storyboard; name = Base; path = Base.lproj/Main.storyboard; sourceTree = "<group>"; };
		D0F177AF1C818A5C00691260 /* Handshake.xcdatamodel */ = {isa = PBXFileReference; lastKnownFileType = wrapper.xcdatamodel; path = Handshake.xcdatamodel; sourceTree = "<group>"; };
		D0F177B11C818A5C00691260 /* Assets.xcassets */ = {isa = PBXFileReference; lastKnownFileType = folder.assetcatalog; path = Assets.xcassets; sourceTree = "<group>"; };
		D0F177B41C818A5C00691260 /* Base */ = {isa = PBXFileReference; lastKnownFileType = file.storyboard; name = Base; path = Base.lproj/LaunchScreen.storyboard; sourceTree = "<group>"; };
		D0F177B61C818A5C00691260 /* Info.plist */ = {isa = PBXFileReference; lastKnownFileType = text.plist.xml; path = Info.plist; sourceTree = "<group>"; };
		D0F177BB1C818A5D00691260 /* HandshakeTests.xctest */ = {isa = PBXFileReference; explicitFileType = wrapper.cfbundle; includeInIndex = 0; path = HandshakeTests.xctest; sourceTree = BUILT_PRODUCTS_DIR; };
		D0F177BF1C818A5D00691260 /* HandshakeTests.swift */ = {isa = PBXFileReference; lastKnownFileType = sourcecode.swift; path = HandshakeTests.swift; sourceTree = "<group>"; };
		D0F177C11C818A5D00691260 /* Info.plist */ = {isa = PBXFileReference; lastKnownFileType = text.plist.xml; path = Info.plist; sourceTree = "<group>"; };
		D0F177C61C818A5D00691260 /* HandshakeUITests.xctest */ = {isa = PBXFileReference; explicitFileType = wrapper.cfbundle; includeInIndex = 0; path = HandshakeUITests.xctest; sourceTree = BUILT_PRODUCTS_DIR; };
		D0F177CA1C818A5D00691260 /* HandshakeUITests.swift */ = {isa = PBXFileReference; lastKnownFileType = sourcecode.swift; path = HandshakeUITests.swift; sourceTree = "<group>"; };
		D0F177CC1C818A5D00691260 /* Info.plist */ = {isa = PBXFileReference; lastKnownFileType = text.plist.xml; path = Info.plist; sourceTree = "<group>"; };
		D0F177D81C818DA300691260 /* Person+CoreDataProperties.swift */ = {isa = PBXFileReference; fileEncoding = 4; lastKnownFileType = sourcecode.swift; path = "Person+CoreDataProperties.swift"; sourceTree = "<group>"; };
		D0F177D91C818DA300691260 /* Person.swift */ = {isa = PBXFileReference; fileEncoding = 4; lastKnownFileType = sourcecode.swift; path = Person.swift; sourceTree = "<group>"; };
		E13EBC981322F6FC6CA4C5BC /* Pods-Handshake.debug.xcconfig */ = {isa = PBXFileReference; includeInIndex = 1; lastKnownFileType = text.xcconfig; name = "Pods-Handshake.debug.xcconfig"; path = "Pods/Target Support Files/Pods-Handshake/Pods-Handshake.debug.xcconfig"; sourceTree = "<group>"; };
/* End PBXFileReference section */

/* Begin PBXFrameworksBuildPhase section */
		D0F177A11C818A5C00691260 /* Frameworks */ = {
			isa = PBXFrameworksBuildPhase;
			buildActionMask = 2147483647;
			files = (
				AF57CCBD7894E2EA55DCC531 /* Pods_Handshake.framework in Frameworks */,
			);
			runOnlyForDeploymentPostprocessing = 0;
		};
		D0F177B81C818A5D00691260 /* Frameworks */ = {
			isa = PBXFrameworksBuildPhase;
			buildActionMask = 2147483647;
			files = (
			);
			runOnlyForDeploymentPostprocessing = 0;
		};
		D0F177C31C818A5D00691260 /* Frameworks */ = {
			isa = PBXFrameworksBuildPhase;
			buildActionMask = 2147483647;
			files = (
			);
			runOnlyForDeploymentPostprocessing = 0;
		};
/* End PBXFrameworksBuildPhase section */

/* Begin PBXGroup section */
		41501444347323C0BB7AFCC5 /* Pods */ = {
			isa = PBXGroup;
			children = (
				E13EBC981322F6FC6CA4C5BC /* Pods-Handshake.debug.xcconfig */,
				954C554606652D384032EDC1 /* Pods-Handshake.release.xcconfig */,
			);
			name = Pods;
			sourceTree = "<group>";
		};
		5625105C5F6CF0A90AB4CA1A /* Frameworks */ = {
			isa = PBXGroup;
			children = (
				6C535288EE370B036460253A /* Pods_Handshake.framework */,
			);
			name = Frameworks;
			sourceTree = "<group>";
		};
		D0F1779B1C818A5C00691260 = {
			isa = PBXGroup;
			children = (
				D0F177A61C818A5C00691260 /* Handshake */,
				D0F177BE1C818A5D00691260 /* HandshakeTests */,
				D0F177C91C818A5D00691260 /* HandshakeUITests */,
				D0F177A51C818A5C00691260 /* Products */,
				B618EB001C81A0280016D8AB /* shake.png */,
				41501444347323C0BB7AFCC5 /* Pods */,
				5625105C5F6CF0A90AB4CA1A /* Frameworks */,
			);
			sourceTree = "<group>";
		};
		D0F177A51C818A5C00691260 /* Products */ = {
			isa = PBXGroup;
			children = (
				D0F177A41C818A5C00691260 /* Handshake.app */,
				D0F177BB1C818A5D00691260 /* HandshakeTests.xctest */,
				D0F177C61C818A5D00691260 /* HandshakeUITests.xctest */,
			);
			name = Products;
			sourceTree = "<group>";
		};
		D0F177A61C818A5C00691260 /* Handshake */ = {
			isa = PBXGroup;
			children = (
				D0F177A71C818A5C00691260 /* AppDelegate.swift */,
				D0F177DE1C818DE400691260 /* ViewController */,
				D0F177DD1C818DDA00691260 /* View */,
				D0F177DC1C818DCB00691260 /* Data */,
				D0F177B61C818A5C00691260 /* Info.plist */,
				B618EAFF1C81970C0016D8AB /* Bridging-Header.h */,
			);
			path = Handshake;
			sourceTree = "<group>";
		};
		D0F177BE1C818A5D00691260 /* HandshakeTests */ = {
			isa = PBXGroup;
			children = (
				D0F177BF1C818A5D00691260 /* HandshakeTests.swift */,
				D0F177C11C818A5D00691260 /* Info.plist */,
			);
			path = HandshakeTests;
			sourceTree = "<group>";
		};
		D0F177C91C818A5D00691260 /* HandshakeUITests */ = {
			isa = PBXGroup;
			children = (
				D0F177CA1C818A5D00691260 /* HandshakeUITests.swift */,
				D0F177CC1C818A5D00691260 /* Info.plist */,
			);
			path = HandshakeUITests;
			sourceTree = "<group>";
		};
		D0F177DC1C818DCB00691260 /* Data */ = {
			isa = PBXGroup;
			children = (
				D0F177AE1C818A5C00691260 /* Handshake.xcdatamodeld */,
				D0F177D91C818DA300691260 /* Person.swift */,
				D0F177D81C818DA300691260 /* Person+CoreDataProperties.swift */,
			);
			name = Data;
			sourceTree = "<group>";
		};
		D0F177DD1C818DDA00691260 /* View */ = {
			isa = PBXGroup;
			children = (
				D0F177AB1C818A5C00691260 /* Main.storyboard */,
				B618EB061C81AAF40016D8AB /* defaultprofilepic.jpeg */,
				D0F177B11C818A5C00691260 /* Assets.xcassets */,
				D0F177B31C818A5C00691260 /* LaunchScreen.storyboard */,
			);
			name = View;
			sourceTree = "<group>";
		};
		D0F177DE1C818DE400691260 /* ViewController */ = {
			isa = PBXGroup;
			children = (
				B618EB081C81ADD70016D8AB /* ConfirmViewController.swift */,
				B618EB041C81A4900016D8AB /* LoadingViewController.swift */,
				D0F177A91C818A5C00691260 /* MainViewController.swift */,
				B618EB021C81A2B70016D8AB /* WelcomeViewController.swift */,
			);
			name = ViewController;
			sourceTree = "<group>";
		};
/* End PBXGroup section */

/* Begin PBXNativeTarget section */
		D0F177A31C818A5C00691260 /* Handshake */ = {
			isa = PBXNativeTarget;
			buildConfigurationList = D0F177CF1C818A5D00691260 /* Build configuration list for PBXNativeTarget "Handshake" */;
			buildPhases = (
				0972677E3AB5F7444DB505B2 /* Check Pods Manifest.lock */,
				D0F177A01C818A5C00691260 /* Sources */,
				D0F177A11C818A5C00691260 /* Frameworks */,
				D0F177A21C818A5C00691260 /* Resources */,
				277575C4E6CC34458A863684 /* Embed Pods Frameworks */,
				36667E7F9715DA86FC4A549B /* Copy Pods Resources */,
			);
			buildRules = (
			);
			dependencies = (
			);
			name = Handshake;
			productName = Handshake;
			productReference = D0F177A41C818A5C00691260 /* Handshake.app */;
			productType = "com.apple.product-type.application";
		};
		D0F177BA1C818A5D00691260 /* HandshakeTests */ = {
			isa = PBXNativeTarget;
			buildConfigurationList = D0F177D21C818A5D00691260 /* Build configuration list for PBXNativeTarget "HandshakeTests" */;
			buildPhases = (
				D0F177B71C818A5D00691260 /* Sources */,
				D0F177B81C818A5D00691260 /* Frameworks */,
				D0F177B91C818A5D00691260 /* Resources */,
			);
			buildRules = (
			);
			dependencies = (
				D0F177BD1C818A5D00691260 /* PBXTargetDependency */,
			);
			name = HandshakeTests;
			productName = HandshakeTests;
			productReference = D0F177BB1C818A5D00691260 /* HandshakeTests.xctest */;
			productType = "com.apple.product-type.bundle.unit-test";
		};
		D0F177C51C818A5D00691260 /* HandshakeUITests */ = {
			isa = PBXNativeTarget;
			buildConfigurationList = D0F177D51C818A5D00691260 /* Build configuration list for PBXNativeTarget "HandshakeUITests" */;
			buildPhases = (
				D0F177C21C818A5D00691260 /* Sources */,
				D0F177C31C818A5D00691260 /* Frameworks */,
				D0F177C41C818A5D00691260 /* Resources */,
			);
			buildRules = (
			);
			dependencies = (
				D0F177C81C818A5D00691260 /* PBXTargetDependency */,
			);
			name = HandshakeUITests;
			productName = HandshakeUITests;
			productReference = D0F177C61C818A5D00691260 /* HandshakeUITests.xctest */;
			productType = "com.apple.product-type.bundle.ui-testing";
		};
/* End PBXNativeTarget section */

/* Begin PBXProject section */
		D0F1779C1C818A5C00691260 /* Project object */ = {
			isa = PBXProject;
			attributes = {
				LastSwiftUpdateCheck = 0720;
				LastUpgradeCheck = 0720;
				ORGANIZATIONNAME = TintPoint;
				TargetAttributes = {
					D0F177A31C818A5C00691260 = {
						CreatedOnToolsVersion = 7.2;
					};
					D0F177BA1C818A5D00691260 = {
						CreatedOnToolsVersion = 7.2;
						TestTargetID = D0F177A31C818A5C00691260;
					};
					D0F177C51C818A5D00691260 = {
						CreatedOnToolsVersion = 7.2;
						TestTargetID = D0F177A31C818A5C00691260;
					};
				};
			};
			buildConfigurationList = D0F1779F1C818A5C00691260 /* Build configuration list for PBXProject "Handshake" */;
			compatibilityVersion = "Xcode 3.2";
			developmentRegion = English;
			hasScannedForEncodings = 0;
			knownRegions = (
				en,
				Base,
			);
			mainGroup = D0F1779B1C818A5C00691260;
			productRefGroup = D0F177A51C818A5C00691260 /* Products */;
			projectDirPath = "";
			projectRoot = "";
			targets = (
				D0F177A31C818A5C00691260 /* Handshake */,
				D0F177BA1C818A5D00691260 /* HandshakeTests */,
				D0F177C51C818A5D00691260 /* HandshakeUITests */,
			);
		};
/* End PBXProject section */

/* Begin PBXResourcesBuildPhase section */
		D0F177A21C818A5C00691260 /* Resources */ = {
			isa = PBXResourcesBuildPhase;
			buildActionMask = 2147483647;
			files = (
				B618EB011C81A0280016D8AB /* shake.png in Resources */,
				B618EB071C81AAF40016D8AB /* defaultprofilepic.jpeg in Resources */,
				D0F177B51C818A5C00691260 /* LaunchScreen.storyboard in Resources */,
				D0F177B21C818A5C00691260 /* Assets.xcassets in Resources */,
				D0F177AD1C818A5C00691260 /* Main.storyboard in Resources */,
			);
			runOnlyForDeploymentPostprocessing = 0;
		};
		D0F177B91C818A5D00691260 /* Resources */ = {
			isa = PBXResourcesBuildPhase;
			buildActionMask = 2147483647;
			files = (
			);
			runOnlyForDeploymentPostprocessing = 0;
		};
		D0F177C41C818A5D00691260 /* Resources */ = {
			isa = PBXResourcesBuildPhase;
			buildActionMask = 2147483647;
			files = (
			);
			runOnlyForDeploymentPostprocessing = 0;
		};
/* End PBXResourcesBuildPhase section */

/* Begin PBXShellScriptBuildPhase section */
		0972677E3AB5F7444DB505B2 /* Check Pods Manifest.lock */ = {
			isa = PBXShellScriptBuildPhase;
			buildActionMask = 2147483647;
			files = (
			);
			inputPaths = (
			);
			name = "Check Pods Manifest.lock";
			outputPaths = (
			);
			runOnlyForDeploymentPostprocessing = 0;
			shellPath = /bin/sh;
			shellScript = "diff \"${PODS_ROOT}/../Podfile.lock\" \"${PODS_ROOT}/Manifest.lock\" > /dev/null\nif [[ $? != 0 ]] ; then\n    cat << EOM\nerror: The sandbox is not in sync with the Podfile.lock. Run 'pod install' or update your CocoaPods installation.\nEOM\n    exit 1\nfi\n";
			showEnvVarsInLog = 0;
		};
		277575C4E6CC34458A863684 /* Embed Pods Frameworks */ = {
			isa = PBXShellScriptBuildPhase;
			buildActionMask = 2147483647;
			files = (
			);
			inputPaths = (
			);
			name = "Embed Pods Frameworks";
			outputPaths = (
			);
			runOnlyForDeploymentPostprocessing = 0;
			shellPath = /bin/sh;
			shellScript = "\"${SRCROOT}/Pods/Target Support Files/Pods-Handshake/Pods-Handshake-frameworks.sh\"\n";
			showEnvVarsInLog = 0;
		};
		36667E7F9715DA86FC4A549B /* Copy Pods Resources */ = {
			isa = PBXShellScriptBuildPhase;
			buildActionMask = 2147483647;
			files = (
			);
			inputPaths = (
			);
			name = "Copy Pods Resources";
			outputPaths = (
			);
			runOnlyForDeploymentPostprocessing = 0;
			shellPath = /bin/sh;
			shellScript = "\"${SRCROOT}/Pods/Target Support Files/Pods-Handshake/Pods-Handshake-resources.sh\"\n";
			showEnvVarsInLog = 0;
		};
/* End PBXShellScriptBuildPhase section */

/* Begin PBXSourcesBuildPhase section */
		D0F177A01C818A5C00691260 /* Sources */ = {
			isa = PBXSourcesBuildPhase;
			buildActionMask = 2147483647;
			files = (
				B618EB051C81A4900016D8AB /* LoadingViewController.swift in Sources */,
				D0F177DB1C818DA300691260 /* Person.swift in Sources */,
				D0F177DA1C818DA300691260 /* Person+CoreDataProperties.swift in Sources */,
				B618EB091C81ADD70016D8AB /* ConfirmViewController.swift in Sources */,
				D0F177B01C818A5C00691260 /* Handshake.xcdatamodeld in Sources */,
				B618EB031C81A2B70016D8AB /* WelcomeViewController.swift in Sources */,
				D0F177AA1C818A5C00691260 /* MainViewController.swift in Sources */,
				D0F177A81C818A5C00691260 /* AppDelegate.swift in Sources */,
			);
			runOnlyForDeploymentPostprocessing = 0;
		};
		D0F177B71C818A5D00691260 /* Sources */ = {
			isa = PBXSourcesBuildPhase;
			buildActionMask = 2147483647;
			files = (
				D0F177C01C818A5D00691260 /* HandshakeTests.swift in Sources */,
			);
			runOnlyForDeploymentPostprocessing = 0;
		};
		D0F177C21C818A5D00691260 /* Sources */ = {
			isa = PBXSourcesBuildPhase;
			buildActionMask = 2147483647;
			files = (
				D0F177CB1C818A5D00691260 /* HandshakeUITests.swift in Sources */,
			);
			runOnlyForDeploymentPostprocessing = 0;
		};
/* End PBXSourcesBuildPhase section */

/* Begin PBXTargetDependency section */
		D0F177BD1C818A5D00691260 /* PBXTargetDependency */ = {
			isa = PBXTargetDependency;
			target = D0F177A31C818A5C00691260 /* Handshake */;
			targetProxy = D0F177BC1C818A5D00691260 /* PBXContainerItemProxy */;
		};
		D0F177C81C818A5D00691260 /* PBXTargetDependency */ = {
			isa = PBXTargetDependency;
			target = D0F177A31C818A5C00691260 /* Handshake */;
			targetProxy = D0F177C71C818A5D00691260 /* PBXContainerItemProxy */;
		};
/* End PBXTargetDependency section */

/* Begin PBXVariantGroup section */
		D0F177AB1C818A5C00691260 /* Main.storyboard */ = {
			isa = PBXVariantGroup;
			children = (
				D0F177AC1C818A5C00691260 /* Base */,
			);
			name = Main.storyboard;
			sourceTree = "<group>";
		};
		D0F177B31C818A5C00691260 /* LaunchScreen.storyboard */ = {
			isa = PBXVariantGroup;
			children = (
				D0F177B41C818A5C00691260 /* Base */,
			);
			name = LaunchScreen.storyboard;
			sourceTree = "<group>";
		};
/* End PBXVariantGroup section */

/* Begin XCBuildConfiguration section */
		D0F177CD1C818A5D00691260 /* Debug */ = {
			isa = XCBuildConfiguration;
			buildSettings = {
				ALWAYS_SEARCH_USER_PATHS = NO;
				CLANG_CXX_LANGUAGE_STANDARD = "gnu++0x";
				CLANG_CXX_LIBRARY = "libc++";
				CLANG_ENABLE_MODULES = YES;
				CLANG_ENABLE_OBJC_ARC = YES;
				CLANG_WARN_BOOL_CONVERSION = YES;
				CLANG_WARN_CONSTANT_CONVERSION = YES;
				CLANG_WARN_DIRECT_OBJC_ISA_USAGE = YES_ERROR;
				CLANG_WARN_EMPTY_BODY = YES;
				CLANG_WARN_ENUM_CONVERSION = YES;
				CLANG_WARN_INT_CONVERSION = YES;
				CLANG_WARN_OBJC_ROOT_CLASS = YES_ERROR;
				CLANG_WARN_UNREACHABLE_CODE = YES;
				CLANG_WARN__DUPLICATE_METHOD_MATCH = YES;
				"CODE_SIGN_IDENTITY[sdk=iphoneos*]" = "iPhone Developer";
				COPY_PHASE_STRIP = NO;
				DEBUG_INFORMATION_FORMAT = dwarf;
				ENABLE_STRICT_OBJC_MSGSEND = YES;
				ENABLE_TESTABILITY = YES;
				GCC_C_LANGUAGE_STANDARD = gnu99;
				GCC_DYNAMIC_NO_PIC = NO;
				GCC_NO_COMMON_BLOCKS = YES;
				GCC_OPTIMIZATION_LEVEL = 0;
				GCC_PREPROCESSOR_DEFINITIONS = (
					"DEBUG=1",
					"$(inherited)",
				);
				GCC_WARN_64_TO_32_BIT_CONVERSION = YES;
				GCC_WARN_ABOUT_RETURN_TYPE = YES_ERROR;
				GCC_WARN_UNDECLARED_SELECTOR = YES;
				GCC_WARN_UNINITIALIZED_AUTOS = YES_AGGRESSIVE;
				GCC_WARN_UNUSED_FUNCTION = YES;
				GCC_WARN_UNUSED_VARIABLE = YES;
				IPHONEOS_DEPLOYMENT_TARGET = 9.2;
				MTL_ENABLE_DEBUG_INFO = YES;
				ONLY_ACTIVE_ARCH = YES;
				SDKROOT = iphoneos;
				SWIFT_OBJC_BRIDGING_HEADER = "Handshake/Bridging-Header.h";
				SWIFT_OPTIMIZATION_LEVEL = "-Onone";
				TARGETED_DEVICE_FAMILY = "1,2";
			};
			name = Debug;
		};
		D0F177CE1C818A5D00691260 /* Release */ = {
			isa = XCBuildConfiguration;
			buildSettings = {
				ALWAYS_SEARCH_USER_PATHS = NO;
				CLANG_CXX_LANGUAGE_STANDARD = "gnu++0x";
				CLANG_CXX_LIBRARY = "libc++";
				CLANG_ENABLE_MODULES = YES;
				CLANG_ENABLE_OBJC_ARC = YES;
				CLANG_WARN_BOOL_CONVERSION = YES;
				CLANG_WARN_CONSTANT_CONVERSION = YES;
				CLANG_WARN_DIRECT_OBJC_ISA_USAGE = YES_ERROR;
				CLANG_WARN_EMPTY_BODY = YES;
				CLANG_WARN_ENUM_CONVERSION = YES;
				CLANG_WARN_INT_CONVERSION = YES;
				CLANG_WARN_OBJC_ROOT_CLASS = YES_ERROR;
				CLANG_WARN_UNREACHABLE_CODE = YES;
				CLANG_WARN__DUPLICATE_METHOD_MATCH = YES;
				"CODE_SIGN_IDENTITY[sdk=iphoneos*]" = "iPhone Developer";
				COPY_PHASE_STRIP = NO;
				DEBUG_INFORMATION_FORMAT = "dwarf-with-dsym";
				ENABLE_NS_ASSERTIONS = NO;
				ENABLE_STRICT_OBJC_MSGSEND = YES;
				GCC_C_LANGUAGE_STANDARD = gnu99;
				GCC_NO_COMMON_BLOCKS = YES;
				GCC_WARN_64_TO_32_BIT_CONVERSION = YES;
				GCC_WARN_ABOUT_RETURN_TYPE = YES_ERROR;
				GCC_WARN_UNDECLARED_SELECTOR = YES;
				GCC_WARN_UNINITIALIZED_AUTOS = YES_AGGRESSIVE;
				GCC_WARN_UNUSED_FUNCTION = YES;
				GCC_WARN_UNUSED_VARIABLE = YES;
				IPHONEOS_DEPLOYMENT_TARGET = 9.2;
				MTL_ENABLE_DEBUG_INFO = NO;
				SDKROOT = iphoneos;
				SWIFT_OBJC_BRIDGING_HEADER = "Handshake/Bridging-Header.h";
				TARGETED_DEVICE_FAMILY = "1,2";
				VALIDATE_PRODUCT = YES;
			};
			name = Release;
		};
		D0F177D01C818A5D00691260 /* Debug */ = {
			isa = XCBuildConfiguration;
			baseConfigurationReference = E13EBC981322F6FC6CA4C5BC /* Pods-Handshake.debug.xcconfig */;
			buildSettings = {
				ASSETCATALOG_COMPILER_APPICON_NAME = AppIcon;
				INFOPLIST_FILE = Handshake/Info.plist;
				LD_RUNPATH_SEARCH_PATHS = "$(inherited) @executable_path/Frameworks";
				PRODUCT_BUNDLE_IDENTIFIER = com.tintpoint.Handshake;
				PRODUCT_NAME = "$(TARGET_NAME)";
			};
			name = Debug;
		};
		D0F177D11C818A5D00691260 /* Release */ = {
			isa = XCBuildConfiguration;
			baseConfigurationReference = 954C554606652D384032EDC1 /* Pods-Handshake.release.xcconfig */;
			buildSettings = {
				ASSETCATALOG_COMPILER_APPICON_NAME = AppIcon;
				INFOPLIST_FILE = Handshake/Info.plist;
				LD_RUNPATH_SEARCH_PATHS = "$(inherited) @executable_path/Frameworks";
				PRODUCT_BUNDLE_IDENTIFIER = com.tintpoint.Handshake;
				PRODUCT_NAME = "$(TARGET_NAME)";
			};
			name = Release;
		};
		D0F177D31C818A5D00691260 /* Debug */ = {
			isa = XCBuildConfiguration;
			buildSettings = {
				BUNDLE_LOADER = "$(TEST_HOST)";
				INFOPLIST_FILE = HandshakeTests/Info.plist;
				LD_RUNPATH_SEARCH_PATHS = "$(inherited) @executable_path/Frameworks @loader_path/Frameworks";
				PRODUCT_BUNDLE_IDENTIFIER = com.tintpoint.HandshakeTests;
				PRODUCT_NAME = "$(TARGET_NAME)";
				TEST_HOST = "$(BUILT_PRODUCTS_DIR)/Handshake.app/Handshake";
			};
			name = Debug;
		};
		D0F177D41C818A5D00691260 /* Release */ = {
			isa = XCBuildConfiguration;
			buildSettings = {
				BUNDLE_LOADER = "$(TEST_HOST)";
				INFOPLIST_FILE = HandshakeTests/Info.plist;
				LD_RUNPATH_SEARCH_PATHS = "$(inherited) @executable_path/Frameworks @loader_path/Frameworks";
				PRODUCT_BUNDLE_IDENTIFIER = com.tintpoint.HandshakeTests;
				PRODUCT_NAME = "$(TARGET_NAME)";
				TEST_HOST = "$(BUILT_PRODUCTS_DIR)/Handshake.app/Handshake";
			};
			name = Release;
		};
		D0F177D61C818A5D00691260 /* Debug */ = {
			isa = XCBuildConfiguration;
			buildSettings = {
				INFOPLIST_FILE = HandshakeUITests/Info.plist;
				LD_RUNPATH_SEARCH_PATHS = "$(inherited) @executable_path/Frameworks @loader_path/Frameworks";
				PRODUCT_BUNDLE_IDENTIFIER = com.tintpoint.HandshakeUITests;
				PRODUCT_NAME = "$(TARGET_NAME)";
				TEST_TARGET_NAME = Handshake;
				USES_XCTRUNNER = YES;
			};
			name = Debug;
		};
		D0F177D71C818A5D00691260 /* Release */ = {
			isa = XCBuildConfiguration;
			buildSettings = {
				INFOPLIST_FILE = HandshakeUITests/Info.plist;
				LD_RUNPATH_SEARCH_PATHS = "$(inherited) @executable_path/Frameworks @loader_path/Frameworks";
				PRODUCT_BUNDLE_IDENTIFIER = com.tintpoint.HandshakeUITests;
				PRODUCT_NAME = "$(TARGET_NAME)";
				TEST_TARGET_NAME = Handshake;
				USES_XCTRUNNER = YES;
			};
			name = Release;
		};
/* End XCBuildConfiguration section */

/* Begin XCConfigurationList section */
		D0F1779F1C818A5C00691260 /* Build configuration list for PBXProject "Handshake" */ = {
			isa = XCConfigurationList;
			buildConfigurations = (
				D0F177CD1C818A5D00691260 /* Debug */,
				D0F177CE1C818A5D00691260 /* Release */,
			);
			defaultConfigurationIsVisible = 0;
			defaultConfigurationName = Release;
		};
		D0F177CF1C818A5D00691260 /* Build configuration list for PBXNativeTarget "Handshake" */ = {
			isa = XCConfigurationList;
			buildConfigurations = (
				D0F177D01C818A5D00691260 /* Debug */,
				D0F177D11C818A5D00691260 /* Release */,
			);
			defaultConfigurationIsVisible = 0;
			defaultConfigurationName = Release;
		};
		D0F177D21C818A5D00691260 /* Build configuration list for PBXNativeTarget "HandshakeTests" */ = {
			isa = XCConfigurationList;
			buildConfigurations = (
				D0F177D31C818A5D00691260 /* Debug */,
				D0F177D41C818A5D00691260 /* Release */,
			);
			defaultConfigurationIsVisible = 0;
			defaultConfigurationName = Release;
		};
		D0F177D51C818A5D00691260 /* Build configuration list for PBXNativeTarget "HandshakeUITests" */ = {
			isa = XCConfigurationList;
			buildConfigurations = (
				D0F177D61C818A5D00691260 /* Debug */,
				D0F177D71C818A5D00691260 /* Release */,
			);
			defaultConfigurationIsVisible = 0;
			defaultConfigurationName = Release;
		};
/* End XCConfigurationList section */

/* Begin XCVersionGroup section */
		D0F177AE1C818A5C00691260 /* Handshake.xcdatamodeld */ = {
			isa = XCVersionGroup;
			children = (
				D0F177AF1C818A5C00691260 /* Handshake.xcdatamodel */,
			);
			currentVersion = D0F177AF1C818A5C00691260 /* Handshake.xcdatamodel */;
			path = Handshake.xcdatamodeld;
			sourceTree = "<group>";
			versionGroupType = wrapper.xcdatamodel;
		};
/* End XCVersionGroup section */
	};
	rootObject = D0F1779C1C818A5C00691260 /* Project object */;
}
