// !$*UTF8*$!
{
	archiveVersion = 1;
	classes = {
	};
	objectVersion = 46;
	objects = {

/* Begin PBXBuildFile section */
		01D34D4A7C15C58723B9B45F /* Pods_Handshake.framework in Frameworks */ = {isa = PBXBuildFile; fileRef = 8E8C2F883A5A4A6226D2A59E /* Pods_Handshake.framework */; };
		6FFFDE33E3FDE25139CA4C91 /* Pods_HandshakeTests.framework in Frameworks */ = {isa = PBXBuildFile; fileRef = DA7A9603F0EEA93F71F07339 /* Pods_HandshakeTests.framework */; };
		77A4F333EAD5048AA2F4DE3A /* Pods_HandshakeUITests.framework in Frameworks */ = {isa = PBXBuildFile; fileRef = E7165D1F938DE8472A7FB736 /* Pods_HandshakeUITests.framework */; };
		D0B980361C81941A00DACBCF /* (null) in Sources */ = {isa = PBXBuildFile; };
		D0E620EF1C82335A00CCDB12 /* LoginViewController.swift in Sources */ = {isa = PBXBuildFile; fileRef = D0E620EE1C82335A00CCDB12 /* LoginViewController.swift */; };
		D0E620F11C827CE900CCDB12 /* PersonCell.swift in Sources */ = {isa = PBXBuildFile; fileRef = D0E620F01C827CE900CCDB12 /* PersonCell.swift */; };
		D0F177A81C818A5C00691260 /* AppDelegate.swift in Sources */ = {isa = PBXBuildFile; fileRef = D0F177A71C818A5C00691260 /* AppDelegate.swift */; };
		D0F177AA1C818A5C00691260 /* MainViewController.swift in Sources */ = {isa = PBXBuildFile; fileRef = D0F177A91C818A5C00691260 /* MainViewController.swift */; };
		D0F177B01C818A5C00691260 /* Handshake.xcdatamodeld in Sources */ = {isa = PBXBuildFile; fileRef = D0F177AE1C818A5C00691260 /* Handshake.xcdatamodeld */; };
		D0F177B21C818A5C00691260 /* Assets.xcassets in Resources */ = {isa = PBXBuildFile; fileRef = D0F177B11C818A5C00691260 /* Assets.xcassets */; };
		D0F177B51C818A5C00691260 /* LaunchScreen.storyboard in Resources */ = {isa = PBXBuildFile; fileRef = D0F177B31C818A5C00691260 /* LaunchScreen.storyboard */; };
		D0F177C01C818A5D00691260 /* HandshakeTests.swift in Sources */ = {isa = PBXBuildFile; fileRef = D0F177BF1C818A5D00691260 /* HandshakeTests.swift */; };
		D0F177CB1C818A5D00691260 /* HandshakeUITests.swift in Sources */ = {isa = PBXBuildFile; fileRef = D0F177CA1C818A5D00691260 /* HandshakeUITests.swift */; };
		D0F177DA1C818DA300691260 /* Person+CoreDataProperties.swift in Sources */ = {isa = PBXBuildFile; fileRef = D0F177D81C818DA300691260 /* Person+CoreDataProperties.swift */; };
		D0F177DB1C818DA300691260 /* Person.swift in Sources */ = {isa = PBXBuildFile; fileRef = D0F177D91C818DA300691260 /* Person.swift */; };
		EE1307101C82876A007C2541 /* SettingsViewController.swift in Sources */ = {isa = PBXBuildFile; fileRef = EE13070F1C82876A007C2541 /* SettingsViewController.swift */; };
		EE1307141C82AE83007C2541 /* SettingsCell.swift in Sources */ = {isa = PBXBuildFile; fileRef = EE1307131C82AE83007C2541 /* SettingsCell.swift */; };
		EE44F76A1C820FB300314215 /* TableViewController.swift in Sources */ = {isa = PBXBuildFile; fileRef = EE44F7691C820FB300314215 /* TableViewController.swift */; };
		EE44F7721C820FCE00314215 /* ConfirmViewController.swift in Sources */ = {isa = PBXBuildFile; fileRef = EE44F7711C820FCE00314215 /* ConfirmViewController.swift */; };
		EE44F7741C82514400314215 /* Main.storyboard in Resources */ = {isa = PBXBuildFile; fileRef = EE44F7731C82514400314215 /* Main.storyboard */; };
		EE5837C11C81A70F00768863 /* CoreDataHelper.swift in Sources */ = {isa = PBXBuildFile; fileRef = EE5837C01C81A70F00768863 /* CoreDataHelper.swift */; };
		EE5837C31C81A74400768863 /* CoreDataStore.swift in Sources */ = {isa = PBXBuildFile; fileRef = EE5837C21C81A74400768863 /* CoreDataStore.swift */; };
		EEBD03D11C81ADCC00FBCFAA /* ShakeHandler.swift in Sources */ = {isa = PBXBuildFile; fileRef = EEBD03D01C81ADCC00FBCFAA /* ShakeHandler.swift */; };
/* End PBXBuildFile section */

/* Begin PBXContainerItemProxy section */
		D0F177BC1C818A5D00691260 /* PBXContainerItemProxy */ = {
			isa = PBXContainerItemProxy;
			containerPortal = D0F1779C1C818A5C00691260 /* Project object */;
			proxyType = 1;
			remoteGlobalIDString = D0F177A31C818A5C00691260;
			remoteInfo = Handshake;
		};
		D0F177C71C818A5D00691260 /* PBXContainerItemProxy */ = {
			isa = PBXContainerItemProxy;
			containerPortal = D0F1779C1C818A5C00691260 /* Project object */;
			proxyType = 1;
			remoteGlobalIDString = D0F177A31C818A5C00691260;
			remoteInfo = Handshake;
		};
/* End PBXContainerItemProxy section */

/* Begin PBXFileReference section */
		053610478AA30F6B653E140A /* Pods-HandshakeUITests.release.xcconfig */ = {isa = PBXFileReference; includeInIndex = 1; lastKnownFileType = text.xcconfig; name = "Pods-HandshakeUITests.release.xcconfig"; path = "Pods/Target Support Files/Pods-HandshakeUITests/Pods-HandshakeUITests.release.xcconfig"; sourceTree = "<group>"; };
		54DE2B8FAD1F3317F795B4ED /* Pods-HandshakeUITests.debug.xcconfig */ = {isa = PBXFileReference; includeInIndex = 1; lastKnownFileType = text.xcconfig; name = "Pods-HandshakeUITests.debug.xcconfig"; path = "Pods/Target Support Files/Pods-HandshakeUITests/Pods-HandshakeUITests.debug.xcconfig"; sourceTree = "<group>"; };
		5997BFE717F51F74EDB7C0BD /* Pods-HandshakeTests.release.xcconfig */ = {isa = PBXFileReference; includeInIndex = 1; lastKnownFileType = text.xcconfig; name = "Pods-HandshakeTests.release.xcconfig"; path = "Pods/Target Support Files/Pods-HandshakeTests/Pods-HandshakeTests.release.xcconfig"; sourceTree = "<group>"; };
		72CC9FE85DCBD8BE35548BF4 /* Pods-Handshake.debug.xcconfig */ = {isa = PBXFileReference; includeInIndex = 1; lastKnownFileType = text.xcconfig; name = "Pods-Handshake.debug.xcconfig"; path = "Pods/Target Support Files/Pods-Handshake/Pods-Handshake.debug.xcconfig"; sourceTree = "<group>"; };
		8E8C2F883A5A4A6226D2A59E /* Pods_Handshake.framework */ = {isa = PBXFileReference; explicitFileType = wrapper.framework; includeInIndex = 0; path = Pods_Handshake.framework; sourceTree = BUILT_PRODUCTS_DIR; };
		A038572729802C082A8EDF6B /* Pods-Handshake.release.xcconfig */ = {isa = PBXFileReference; includeInIndex = 1; lastKnownFileType = text.xcconfig; name = "Pods-Handshake.release.xcconfig"; path = "Pods/Target Support Files/Pods-Handshake/Pods-Handshake.release.xcconfig"; sourceTree = "<group>"; };
		AA8815D8E91BB82E0091F63F /* Pods-HandshakeTests.debug.xcconfig */ = {isa = PBXFileReference; includeInIndex = 1; lastKnownFileType = text.xcconfig; name = "Pods-HandshakeTests.debug.xcconfig"; path = "Pods/Target Support Files/Pods-HandshakeTests/Pods-HandshakeTests.debug.xcconfig"; sourceTree = "<group>"; };
		D0E620EE1C82335A00CCDB12 /* LoginViewController.swift */ = {isa = PBXFileReference; fileEncoding = 4; lastKnownFileType = sourcecode.swift; path = LoginViewController.swift; sourceTree = "<group>"; };
		D0E620F01C827CE900CCDB12 /* PersonCell.swift */ = {isa = PBXFileReference; fileEncoding = 4; lastKnownFileType = sourcecode.swift; path = PersonCell.swift; sourceTree = "<group>"; };
		D0F177A41C818A5C00691260 /* Handshake.app */ = {isa = PBXFileReference; explicitFileType = wrapper.application; includeInIndex = 0; path = Handshake.app; sourceTree = BUILT_PRODUCTS_DIR; };
		D0F177A71C818A5C00691260 /* AppDelegate.swift */ = {isa = PBXFileReference; lastKnownFileType = sourcecode.swift; path = AppDelegate.swift; sourceTree = "<group>"; };
		D0F177A91C818A5C00691260 /* MainViewController.swift */ = {isa = PBXFileReference; lastKnownFileType = sourcecode.swift; path = MainViewController.swift; sourceTree = "<group>"; };
		D0F177AF1C818A5C00691260 /* Handshake.xcdatamodel */ = {isa = PBXFileReference; lastKnownFileType = wrapper.xcdatamodel; path = Handshake.xcdatamodel; sourceTree = "<group>"; };
		D0F177B11C818A5C00691260 /* Assets.xcassets */ = {isa = PBXFileReference; lastKnownFileType = folder.assetcatalog; path = Assets.xcassets; sourceTree = "<group>"; };
		D0F177B41C818A5C00691260 /* Base */ = {isa = PBXFileReference; lastKnownFileType = file.storyboard; name = Base; path = Base.lproj/LaunchScreen.storyboard; sourceTree = "<group>"; };
		D0F177B61C818A5C00691260 /* Info.plist */ = {isa = PBXFileReference; lastKnownFileType = text.plist.xml; path = Info.plist; sourceTree = "<group>"; };
		D0F177BB1C818A5D00691260 /* HandshakeTests.xctest */ = {isa = PBXFileReference; explicitFileType = wrapper.cfbundle; includeInIndex = 0; path = HandshakeTests.xctest; sourceTree = BUILT_PRODUCTS_DIR; };
		D0F177BF1C818A5D00691260 /* HandshakeTests.swift */ = {isa = PBXFileReference; lastKnownFileType = sourcecode.swift; path = HandshakeTests.swift; sourceTree = "<group>"; };
		D0F177C11C818A5D00691260 /* Info.plist */ = {isa = PBXFileReference; lastKnownFileType = text.plist.xml; path = Info.plist; sourceTree = "<group>"; };
		D0F177C61C818A5D00691260 /* HandshakeUITests.xctest */ = {isa = PBXFileReference; explicitFileType = wrapper.cfbundle; includeInIndex = 0; path = HandshakeUITests.xctest; sourceTree = BUILT_PRODUCTS_DIR; };
		D0F177CA1C818A5D00691260 /* HandshakeUITests.swift */ = {isa = PBXFileReference; lastKnownFileType = sourcecode.swift; path = HandshakeUITests.swift; sourceTree = "<group>"; };
		D0F177CC1C818A5D00691260 /* Info.plist */ = {isa = PBXFileReference; lastKnownFileType = text.plist.xml; path = Info.plist; sourceTree = "<group>"; };
		D0F177D81C818DA300691260 /* Person+CoreDataProperties.swift */ = {isa = PBXFileReference; fileEncoding = 4; lastKnownFileType = sourcecode.swift; path = "Person+CoreDataProperties.swift"; sourceTree = "<group>"; };
		D0F177D91C818DA300691260 /* Person.swift */ = {isa = PBXFileReference; fileEncoding = 4; lastKnownFileType = sourcecode.swift; path = Person.swift; sourceTree = "<group>"; };
		DA7A9603F0EEA93F71F07339 /* Pods_HandshakeTests.framework */ = {isa = PBXFileReference; explicitFileType = wrapper.framework; includeInIndex = 0; path = Pods_HandshakeTests.framework; sourceTree = BUILT_PRODUCTS_DIR; };
		E7165D1F938DE8472A7FB736 /* Pods_HandshakeUITests.framework */ = {isa = PBXFileReference; explicitFileType = wrapper.framework; includeInIndex = 0; path = Pods_HandshakeUITests.framework; sourceTree = BUILT_PRODUCTS_DIR; };
		EE13070F1C82876A007C2541 /* SettingsViewController.swift */ = {isa = PBXFileReference; fileEncoding = 4; lastKnownFileType = sourcecode.swift; path = SettingsViewController.swift; sourceTree = "<group>"; };
		EE1307131C82AE83007C2541 /* SettingsCell.swift */ = {isa = PBXFileReference; fileEncoding = 4; lastKnownFileType = sourcecode.swift; path = SettingsCell.swift; sourceTree = "<group>"; };
		EE44F7691C820FB300314215 /* TableViewController.swift */ = {isa = PBXFileReference; fileEncoding = 4; lastKnownFileType = sourcecode.swift; path = TableViewController.swift; sourceTree = "<group>"; };
		EE44F7711C820FCE00314215 /* ConfirmViewController.swift */ = {isa = PBXFileReference; fileEncoding = 4; lastKnownFileType = sourcecode.swift; path = ConfirmViewController.swift; sourceTree = "<group>"; };
		EE44F7731C82514400314215 /* Main.storyboard */ = {isa = PBXFileReference; fileEncoding = 4; lastKnownFileType = file.storyboard; path = Main.storyboard; sourceTree = "<group>"; };
		EE5837C01C81A70F00768863 /* CoreDataHelper.swift */ = {isa = PBXFileReference; fileEncoding = 4; lastKnownFileType = sourcecode.swift; path = CoreDataHelper.swift; sourceTree = "<group>"; };
		EE5837C21C81A74400768863 /* CoreDataStore.swift */ = {isa = PBXFileReference; fileEncoding = 4; lastKnownFileType = sourcecode.swift; path = CoreDataStore.swift; sourceTree = "<group>"; };
		EEBD03D01C81ADCC00FBCFAA /* ShakeHandler.swift */ = {isa = PBXFileReference; fileEncoding = 4; lastKnownFileType = sourcecode.swift; path = ShakeHandler.swift; sourceTree = "<group>"; };
/* End PBXFileReference section */

/* Begin PBXFrameworksBuildPhase section */
		D0F177A11C818A5C00691260 /* Frameworks */ = {
			isa = PBXFrameworksBuildPhase;
			buildActionMask = 2147483647;
			files = (
				01D34D4A7C15C58723B9B45F /* Pods_Handshake.framework in Frameworks */,
			);
			runOnlyForDeploymentPostprocessing = 0;
		};
		D0F177B81C818A5D00691260 /* Frameworks */ = {
			isa = PBXFrameworksBuildPhase;
			buildActionMask = 2147483647;
			files = (
				6FFFDE33E3FDE25139CA4C91 /* Pods_HandshakeTests.framework in Frameworks */,
			);
			runOnlyForDeploymentPostprocessing = 0;
		};
		D0F177C31C818A5D00691260 /* Frameworks */ = {
			isa = PBXFrameworksBuildPhase;
			buildActionMask = 2147483647;
			files = (
				77A4F333EAD5048AA2F4DE3A /* Pods_HandshakeUITests.framework in Frameworks */,
			);
			runOnlyForDeploymentPostprocessing = 0;
		};
/* End PBXFrameworksBuildPhase section */

/* Begin PBXGroup section */
		0CFCCB308EDE6AC86CE7BFB3 /* Pods */ = {
			isa = PBXGroup;
			children = (
				72CC9FE85DCBD8BE35548BF4 /* Pods-Handshake.debug.xcconfig */,
				A038572729802C082A8EDF6B /* Pods-Handshake.release.xcconfig */,
				AA8815D8E91BB82E0091F63F /* Pods-HandshakeTests.debug.xcconfig */,
				5997BFE717F51F74EDB7C0BD /* Pods-HandshakeTests.release.xcconfig */,
				54DE2B8FAD1F3317F795B4ED /* Pods-HandshakeUITests.debug.xcconfig */,
				053610478AA30F6B653E140A /* Pods-HandshakeUITests.release.xcconfig */,
			);
			name = Pods;
			sourceTree = "<group>";
		};
		6C3F061534E749104BD110F5 /* Frameworks */ = {
			isa = PBXGroup;
			children = (
				8E8C2F883A5A4A6226D2A59E /* Pods_Handshake.framework */,
				DA7A9603F0EEA93F71F07339 /* Pods_HandshakeTests.framework */,
				E7165D1F938DE8472A7FB736 /* Pods_HandshakeUITests.framework */,
			);
			name = Frameworks;
			sourceTree = "<group>";
		};
		D0B980371C81A8D800DACBCF /* Connect */ = {
			isa = PBXGroup;
			children = (
				EEBD03D01C81ADCC00FBCFAA /* ShakeHandler.swift */,
			);
			name = Connect;
			sourceTree = "<group>";
		};
		D0F1779B1C818A5C00691260 = {
			isa = PBXGroup;
			children = (
				D0F177A61C818A5C00691260 /* Handshake */,
				D0F177BE1C818A5D00691260 /* HandshakeTests */,
				D0F177C91C818A5D00691260 /* HandshakeUITests */,
				D0F177A51C818A5C00691260 /* Products */,
				0CFCCB308EDE6AC86CE7BFB3 /* Pods */,
				6C3F061534E749104BD110F5 /* Frameworks */,
			);
			sourceTree = "<group>";
		};
		D0F177A51C818A5C00691260 /* Products */ = {
			isa = PBXGroup;
			children = (
				D0F177A41C818A5C00691260 /* Handshake.app */,
				D0F177BB1C818A5D00691260 /* HandshakeTests.xctest */,
				D0F177C61C818A5D00691260 /* HandshakeUITests.xctest */,
			);
			name = Products;
			sourceTree = "<group>";
		};
		D0F177A61C818A5C00691260 /* Handshake */ = {
			isa = PBXGroup;
			children = (
				D0F177A71C818A5C00691260 /* AppDelegate.swift */,
				D0F177DE1C818DE400691260 /* ViewController */,
				D0F177DD1C818DDA00691260 /* View */,
				D0B980371C81A8D800DACBCF /* Connect */,
				D0F177DC1C818DCB00691260 /* Data */,
				D0F177B61C818A5C00691260 /* Info.plist */,
			);
			path = Handshake;
			sourceTree = "<group>";
		};
		D0F177BE1C818A5D00691260 /* HandshakeTests */ = {
			isa = PBXGroup;
			children = (
				D0F177BF1C818A5D00691260 /* HandshakeTests.swift */,
				D0F177C11C818A5D00691260 /* Info.plist */,
			);
			path = HandshakeTests;
			sourceTree = "<group>";
		};
		D0F177C91C818A5D00691260 /* HandshakeUITests */ = {
			isa = PBXGroup;
			children = (
				D0F177CA1C818A5D00691260 /* HandshakeUITests.swift */,
				D0F177CC1C818A5D00691260 /* Info.plist */,
			);
			path = HandshakeUITests;
			sourceTree = "<group>";
		};
		D0F177DC1C818DCB00691260 /* Data */ = {
			isa = PBXGroup;
			children = (
				D0F177AE1C818A5C00691260 /* Handshake.xcdatamodeld */,
				D0F177D91C818DA300691260 /* Person.swift */,
				D0F177D81C818DA300691260 /* Person+CoreDataProperties.swift */,
				EE5837C01C81A70F00768863 /* CoreDataHelper.swift */,
				EE5837C21C81A74400768863 /* CoreDataStore.swift */,
			);
			name = Data;
			sourceTree = "<group>";
		};
		D0F177DD1C818DDA00691260 /* View */ = {
			isa = PBXGroup;
			children = (
				D0F177B11C818A5C00691260 /* Assets.xcassets */,
				EE44F7731C82514400314215 /* Main.storyboard */,
				D0E620F01C827CE900CCDB12 /* PersonCell.swift */,
				D0F177B31C818A5C00691260 /* LaunchScreen.storyboard */,
				EE1307131C82AE83007C2541 /* SettingsCell.swift */,
			);
			name = View;
			sourceTree = "<group>";
		};
		D0F177DE1C818DE400691260 /* ViewController */ = {
			isa = PBXGroup;
			children = (
				D0F177A91C818A5C00691260 /* MainViewController.swift */,
				EE44F7711C820FCE00314215 /* ConfirmViewController.swift */,
				EE44F7691C820FB300314215 /* TableViewController.swift */,
				D0E620EE1C82335A00CCDB12 /* LoginViewController.swift */,
				EE13070F1C82876A007C2541 /* SettingsViewController.swift */,
			);
			name = ViewController;
			sourceTree = "<group>";
		};
/* End PBXGroup section */

/* Begin PBXNativeTarget section */
		D0F177A31C818A5C00691260 /* Handshake */ = {
			isa = PBXNativeTarget;
			buildConfigurationList = D0F177CF1C818A5D00691260 /* Build configuration list for PBXNativeTarget "Handshake" */;
			buildPhases = (
				782471C509B609FC2D70D840 /* 📦 Check Pods Manifest.lock */,
				D0F177A01C818A5C00691260 /* Sources */,
				D0F177A11C818A5C00691260 /* Frameworks */,
				D0F177A21C818A5C00691260 /* Resources */,
				2F3F3242D9F48C13B56C49AC /* 📦 Embed Pods Frameworks */,
				0AC5D5A4A0C663FE80430753 /* 📦 Copy Pods Resources */,
			);
			buildRules = (
			);
			dependencies = (
			);
			name = Handshake;
			productName = Handshake;
			productReference = D0F177A41C818A5C00691260 /* Handshake.app */;
			productType = "com.apple.product-type.application";
		};
		D0F177BA1C818A5D00691260 /* HandshakeTests */ = {
			isa = PBXNativeTarget;
			buildConfigurationList = D0F177D21C818A5D00691260 /* Build configuration list for PBXNativeTarget "HandshakeTests" */;
			buildPhases = (
				92AC0788CFF8A14018CB7699 /* 📦 Check Pods Manifest.lock */,
				D0F177B71C818A5D00691260 /* Sources */,
				D0F177B81C818A5D00691260 /* Frameworks */,
				D0F177B91C818A5D00691260 /* Resources */,
				9CDE6EC2170A8AD32281A2DC /* 📦 Embed Pods Frameworks */,
				FF4F6EC1C17C9CF49FC79737 /* 📦 Copy Pods Resources */,
			);
			buildRules = (
			);
			dependencies = (
				D0F177BD1C818A5D00691260 /* PBXTargetDependency */,
			);
			name = HandshakeTests;
			productName = HandshakeTests;
			productReference = D0F177BB1C818A5D00691260 /* HandshakeTests.xctest */;
			productType = "com.apple.product-type.bundle.unit-test";
		};
		D0F177C51C818A5D00691260 /* HandshakeUITests */ = {
			isa = PBXNativeTarget;
			buildConfigurationList = D0F177D51C818A5D00691260 /* Build configuration list for PBXNativeTarget "HandshakeUITests" */;
			buildPhases = (
				A5F0D70F43003C7D47528813 /* 📦 Check Pods Manifest.lock */,
				D0F177C21C818A5D00691260 /* Sources */,
				D0F177C31C818A5D00691260 /* Frameworks */,
				D0F177C41C818A5D00691260 /* Resources */,
				3329D5B1193AA952B6B485E3 /* 📦 Copy Pods Resources */,
			);
			buildRules = (
			);
			dependencies = (
				D0F177C81C818A5D00691260 /* PBXTargetDependency */,
			);
			name = HandshakeUITests;
			productName = HandshakeUITests;
			productReference = D0F177C61C818A5D00691260 /* HandshakeUITests.xctest */;
			productType = "com.apple.product-type.bundle.ui-testing";
		};
/* End PBXNativeTarget section */

/* Begin PBXProject section */
		D0F1779C1C818A5C00691260 /* Project object */ = {
			isa = PBXProject;
			attributes = {
				LastSwiftUpdateCheck = 0720;
				LastUpgradeCheck = 0720;
				ORGANIZATIONNAME = TintPoint;
				TargetAttributes = {
					D0F177A31C818A5C00691260 = {
						CreatedOnToolsVersion = 7.2;
					};
					D0F177BA1C818A5D00691260 = {
						CreatedOnToolsVersion = 7.2;
						TestTargetID = D0F177A31C818A5C00691260;
					};
					D0F177C51C818A5D00691260 = {
						CreatedOnToolsVersion = 7.2;
						TestTargetID = D0F177A31C818A5C00691260;
					};
				};
			};
			buildConfigurationList = D0F1779F1C818A5C00691260 /* Build configuration list for PBXProject "Handshake" */;
			compatibilityVersion = "Xcode 3.2";
			developmentRegion = English;
			hasScannedForEncodings = 0;
			knownRegions = (
				en,
				Base,
			);
			mainGroup = D0F1779B1C818A5C00691260;
			productRefGroup = D0F177A51C818A5C00691260 /* Products */;
			projectDirPath = "";
			projectRoot = "";
			targets = (
				D0F177A31C818A5C00691260 /* Handshake */,
				D0F177BA1C818A5D00691260 /* HandshakeTests */,
				D0F177C51C818A5D00691260 /* HandshakeUITests */,
			);
		};
/* End PBXProject section */

/* Begin PBXResourcesBuildPhase section */
		D0F177A21C818A5C00691260 /* Resources */ = {
			isa = PBXResourcesBuildPhase;
			buildActionMask = 2147483647;
			files = (
				EE44F7741C82514400314215 /* Main.storyboard in Resources */,
				D0F177B51C818A5C00691260 /* LaunchScreen.storyboard in Resources */,
				D0F177B21C818A5C00691260 /* Assets.xcassets in Resources */,
			);
			runOnlyForDeploymentPostprocessing = 0;
		};
		D0F177B91C818A5D00691260 /* Resources */ = {
			isa = PBXResourcesBuildPhase;
			buildActionMask = 2147483647;
			files = (
			);
			runOnlyForDeploymentPostprocessing = 0;
		};
		D0F177C41C818A5D00691260 /* Resources */ = {
			isa = PBXResourcesBuildPhase;
			buildActionMask = 2147483647;
			files = (
			);
			runOnlyForDeploymentPostprocessing = 0;
		};
/* End PBXResourcesBuildPhase section */

/* Begin PBXShellScriptBuildPhase section */
		0AC5D5A4A0C663FE80430753 /* 📦 Copy Pods Resources */ = {
			isa = PBXShellScriptBuildPhase;
			buildActionMask = 2147483647;
			files = (
			);
			inputPaths = (
			);
			name = "📦 Copy Pods Resources";
			outputPaths = (
			);
			runOnlyForDeploymentPostprocessing = 0;
			shellPath = /bin/sh;
			shellScript = "\"${SRCROOT}/Pods/Target Support Files/Pods-Handshake/Pods-Handshake-resources.sh\"\n";
			showEnvVarsInLog = 0;
		};
		2F3F3242D9F48C13B56C49AC /* 📦 Embed Pods Frameworks */ = {
			isa = PBXShellScriptBuildPhase;
			buildActionMask = 2147483647;
			files = (
			);
			inputPaths = (
			);
			name = "📦 Embed Pods Frameworks";
			outputPaths = (
			);
			runOnlyForDeploymentPostprocessing = 0;
			shellPath = /bin/sh;
			shellScript = "\"${SRCROOT}/Pods/Target Support Files/Pods-Handshake/Pods-Handshake-frameworks.sh\"\n";
			showEnvVarsInLog = 0;
		};
		3329D5B1193AA952B6B485E3 /* 📦 Copy Pods Resources */ = {
			isa = PBXShellScriptBuildPhase;
			buildActionMask = 2147483647;
			files = (
			);
			inputPaths = (
			);
			name = "📦 Copy Pods Resources";
			outputPaths = (
			);
			runOnlyForDeploymentPostprocessing = 0;
			shellPath = /bin/sh;
			shellScript = "\"${SRCROOT}/Pods/Target Support Files/Pods-HandshakeUITests/Pods-HandshakeUITests-resources.sh\"\n";
			showEnvVarsInLog = 0;
		};
		782471C509B609FC2D70D840 /* 📦 Check Pods Manifest.lock */ = {
			isa = PBXShellScriptBuildPhase;
			buildActionMask = 2147483647;
			files = (
			);
			inputPaths = (
			);
			name = "📦 Check Pods Manifest.lock";
			outputPaths = (
			);
			runOnlyForDeploymentPostprocessing = 0;
			shellPath = /bin/sh;
			shellScript = "diff \"${PODS_ROOT}/../Podfile.lock\" \"${PODS_ROOT}/Manifest.lock\" > /dev/null\nif [[ $? != 0 ]] ; then\n    cat << EOM\nerror: The sandbox is not in sync with the Podfile.lock. Run 'pod install' or update your CocoaPods installation.\nEOM\n    exit 1\nfi\n";
			showEnvVarsInLog = 0;
		};
		92AC0788CFF8A14018CB7699 /* 📦 Check Pods Manifest.lock */ = {
			isa = PBXShellScriptBuildPhase;
			buildActionMask = 2147483647;
			files = (
			);
			inputPaths = (
			);
			name = "📦 Check Pods Manifest.lock";
			outputPaths = (
			);
			runOnlyForDeploymentPostprocessing = 0;
			shellPath = /bin/sh;
			shellScript = "diff \"${PODS_ROOT}/../Podfile.lock\" \"${PODS_ROOT}/Manifest.lock\" > /dev/null\nif [[ $? != 0 ]] ; then\n    cat << EOM\nerror: The sandbox is not in sync with the Podfile.lock. Run 'pod install' or update your CocoaPods installation.\nEOM\n    exit 1\nfi\n";
			showEnvVarsInLog = 0;
		};
		9CDE6EC2170A8AD32281A2DC /* 📦 Embed Pods Frameworks */ = {
			isa = PBXShellScriptBuildPhase;
			buildActionMask = 2147483647;
			files = (
			);
			inputPaths = (
			);
			name = "📦 Embed Pods Frameworks";
			outputPaths = (
			);
			runOnlyForDeploymentPostprocessing = 0;
			shellPath = /bin/sh;
			shellScript = "\"${SRCROOT}/Pods/Target Support Files/Pods-HandshakeTests/Pods-HandshakeTests-frameworks.sh\"\n";
			showEnvVarsInLog = 0;
		};
		A5F0D70F43003C7D47528813 /* 📦 Check Pods Manifest.lock */ = {
			isa = PBXShellScriptBuildPhase;
			buildActionMask = 2147483647;
			files = (
			);
			inputPaths = (
			);
			name = "📦 Check Pods Manifest.lock";
			outputPaths = (
			);
			runOnlyForDeploymentPostprocessing = 0;
			shellPath = /bin/sh;
			shellScript = "diff \"${PODS_ROOT}/../Podfile.lock\" \"${PODS_ROOT}/Manifest.lock\" > /dev/null\nif [[ $? != 0 ]] ; then\n    cat << EOM\nerror: The sandbox is not in sync with the Podfile.lock. Run 'pod install' or update your CocoaPods installation.\nEOM\n    exit 1\nfi\n";
			showEnvVarsInLog = 0;
		};
		FF4F6EC1C17C9CF49FC79737 /* 📦 Copy Pods Resources */ = {
			isa = PBXShellScriptBuildPhase;
			buildActionMask = 2147483647;
			files = (
			);
			inputPaths = (
			);
			name = "📦 Copy Pods Resources";
			outputPaths = (
			);
			runOnlyForDeploymentPostprocessing = 0;
			shellPath = /bin/sh;
			shellScript = "\"${SRCROOT}/Pods/Target Support Files/Pods-HandshakeTests/Pods-HandshakeTests-resources.sh\"\n";
			showEnvVarsInLog = 0;
		};
/* End PBXShellScriptBuildPhase section */

/* Begin PBXSourcesBuildPhase section */
		D0F177A01C818A5C00691260 /* Sources */ = {
			isa = PBXSourcesBuildPhase;
			buildActionMask = 2147483647;
			files = (
				D0E620EF1C82335A00CCDB12 /* LoginViewController.swift in Sources */,
				D0E620F11C827CE900CCDB12 /* PersonCell.swift in Sources */,
				EE44F7721C820FCE00314215 /* ConfirmViewController.swift in Sources */,
				EE5837C31C81A74400768863 /* CoreDataStore.swift in Sources */,
				EE5837C11C81A70F00768863 /* CoreDataHelper.swift in Sources */,
				D0F177DB1C818DA300691260 /* Person.swift in Sources */,
				D0F177DA1C818DA300691260 /* Person+CoreDataProperties.swift in Sources */,
				D0F177B01C818A5C00691260 /* Handshake.xcdatamodeld in Sources */,
				EE44F76A1C820FB300314215 /* TableViewController.swift in Sources */,
				D0B980361C81941A00DACBCF /* (null) in Sources */,
				EE1307101C82876A007C2541 /* SettingsViewController.swift in Sources */,
				EEBD03D11C81ADCC00FBCFAA /* ShakeHandler.swift in Sources */,
				D0F177AA1C818A5C00691260 /* MainViewController.swift in Sources */,
				D0F177A81C818A5C00691260 /* AppDelegate.swift in Sources */,
				EE1307141C82AE83007C2541 /* SettingsCell.swift in Sources */,
			);
			runOnlyForDeploymentPostprocessing = 0;
		};
		D0F177B71C818A5D00691260 /* Sources */ = {
			isa = PBXSourcesBuildPhase;
			buildActionMask = 2147483647;
			files = (
				D0F177C01C818A5D00691260 /* HandshakeTests.swift in Sources */,
			);
			runOnlyForDeploymentPostprocessing = 0;
		};
		D0F177C21C818A5D00691260 /* Sources */ = {
			isa = PBXSourcesBuildPhase;
			buildActionMask = 2147483647;
			files = (
				D0F177CB1C818A5D00691260 /* HandshakeUITests.swift in Sources */,
			);
			runOnlyForDeploymentPostprocessing = 0;
		};
/* End PBXSourcesBuildPhase section */

/* Begin PBXTargetDependency section */
		D0F177BD1C818A5D00691260 /* PBXTargetDependency */ = {
			isa = PBXTargetDependency;
			target = D0F177A31C818A5C00691260 /* Handshake */;
			targetProxy = D0F177BC1C818A5D00691260 /* PBXContainerItemProxy */;
		};
		D0F177C81C818A5D00691260 /* PBXTargetDependency */ = {
			isa = PBXTargetDependency;
			target = D0F177A31C818A5C00691260 /* Handshake */;
			targetProxy = D0F177C71C818A5D00691260 /* PBXContainerItemProxy */;
		};
/* End PBXTargetDependency section */

/* Begin PBXVariantGroup section */
		D0F177B31C818A5C00691260 /* LaunchScreen.storyboard */ = {
			isa = PBXVariantGroup;
			children = (
				D0F177B41C818A5C00691260 /* Base */,
			);
			name = LaunchScreen.storyboard;
			sourceTree = "<group>";
		};
/* End PBXVariantGroup section */

/* Begin XCBuildConfiguration section */
		D0F177CD1C818A5D00691260 /* Debug */ = {
			isa = XCBuildConfiguration;
			buildSettings = {
				ALWAYS_SEARCH_USER_PATHS = NO;
				CLANG_CXX_LANGUAGE_STANDARD = "gnu++0x";
				CLANG_CXX_LIBRARY = "libc++";
				CLANG_ENABLE_MODULES = YES;
				CLANG_ENABLE_OBJC_ARC = YES;
				CLANG_WARN_BOOL_CONVERSION = YES;
				CLANG_WARN_CONSTANT_CONVERSION = YES;
				CLANG_WARN_DIRECT_OBJC_ISA_USAGE = YES_ERROR;
				CLANG_WARN_EMPTY_BODY = YES;
				CLANG_WARN_ENUM_CONVERSION = YES;
				CLANG_WARN_INT_CONVERSION = YES;
				CLANG_WARN_OBJC_ROOT_CLASS = YES_ERROR;
				CLANG_WARN_UNREACHABLE_CODE = YES;
				CLANG_WARN__DUPLICATE_METHOD_MATCH = YES;
				"CODE_SIGN_IDENTITY[sdk=iphoneos*]" = "iPhone Developer";
				COPY_PHASE_STRIP = NO;
				DEBUG_INFORMATION_FORMAT = dwarf;
				ENABLE_STRICT_OBJC_MSGSEND = YES;
				ENABLE_TESTABILITY = YES;
				GCC_C_LANGUAGE_STANDARD = gnu99;
				GCC_DYNAMIC_NO_PIC = NO;
				GCC_NO_COMMON_BLOCKS = YES;
				GCC_OPTIMIZATION_LEVEL = 0;
				GCC_PREPROCESSOR_DEFINITIONS = (
					"DEBUG=1",
					"$(inherited)",
				);
				GCC_WARN_64_TO_32_BIT_CONVERSION = YES;
				GCC_WARN_ABOUT_RETURN_TYPE = YES_ERROR;
				GCC_WARN_UNDECLARED_SELECTOR = YES;
				GCC_WARN_UNINITIALIZED_AUTOS = YES_AGGRESSIVE;
				GCC_WARN_UNUSED_FUNCTION = YES;
				GCC_WARN_UNUSED_VARIABLE = YES;
				IPHONEOS_DEPLOYMENT_TARGET = 9.2;
				MTL_ENABLE_DEBUG_INFO = YES;
				ONLY_ACTIVE_ARCH = YES;
				PRODUCT_BUNDLE_IDENTIFIER = com.example.handshake;
				SDKROOT = iphoneos;
				SWIFT_OBJC_BRIDGING_HEADER = "Handshake/Bridging-Header.h";
				SWIFT_OPTIMIZATION_LEVEL = "-Onone";
				TARGETED_DEVICE_FAMILY = "1,2";
			};
			name = Debug;
		};
		D0F177CE1C818A5D00691260 /* Release */ = {
			isa = XCBuildConfiguration;
			buildSettings = {
				ALWAYS_SEARCH_USER_PATHS = NO;
				CLANG_CXX_LANGUAGE_STANDARD = "gnu++0x";
				CLANG_CXX_LIBRARY = "libc++";
				CLANG_ENABLE_MODULES = YES;
				CLANG_ENABLE_OBJC_ARC = YES;
				CLANG_WARN_BOOL_CONVERSION = YES;
				CLANG_WARN_CONSTANT_CONVERSION = YES;
				CLANG_WARN_DIRECT_OBJC_ISA_USAGE = YES_ERROR;
				CLANG_WARN_EMPTY_BODY = YES;
				CLANG_WARN_ENUM_CONVERSION = YES;
				CLANG_WARN_INT_CONVERSION = YES;
				CLANG_WARN_OBJC_ROOT_CLASS = YES_ERROR;
				CLANG_WARN_UNREACHABLE_CODE = YES;
				CLANG_WARN__DUPLICATE_METHOD_MATCH = YES;
				"CODE_SIGN_IDENTITY[sdk=iphoneos*]" = "iPhone Developer";
				COPY_PHASE_STRIP = NO;
				DEBUG_INFORMATION_FORMAT = "dwarf-with-dsym";
				ENABLE_NS_ASSERTIONS = NO;
				ENABLE_STRICT_OBJC_MSGSEND = YES;
				GCC_C_LANGUAGE_STANDARD = gnu99;
				GCC_NO_COMMON_BLOCKS = YES;
				GCC_WARN_64_TO_32_BIT_CONVERSION = YES;
				GCC_WARN_ABOUT_RETURN_TYPE = YES_ERROR;
				GCC_WARN_UNDECLARED_SELECTOR = YES;
				GCC_WARN_UNINITIALIZED_AUTOS = YES_AGGRESSIVE;
				GCC_WARN_UNUSED_FUNCTION = YES;
				GCC_WARN_UNUSED_VARIABLE = YES;
				IPHONEOS_DEPLOYMENT_TARGET = 9.2;
				MTL_ENABLE_DEBUG_INFO = NO;
				PRODUCT_BUNDLE_IDENTIFIER = com.example.handshake;
				SDKROOT = iphoneos;
				SWIFT_OBJC_BRIDGING_HEADER = "Handshake/Bridging-Header.h";
				TARGETED_DEVICE_FAMILY = "1,2";
				VALIDATE_PRODUCT = YES;
			};
			name = Release;
		};
		D0F177D01C818A5D00691260 /* Debug */ = {
			isa = XCBuildConfiguration;
			baseConfigurationReference = 72CC9FE85DCBD8BE35548BF4 /* Pods-Handshake.debug.xcconfig */;
			buildSettings = {
				ASSETCATALOG_COMPILER_APPICON_NAME = AppIcon;
				INFOPLIST_FILE = Handshake/Info.plist;
				LD_RUNPATH_SEARCH_PATHS = "$(inherited) @executable_path/Frameworks";
				PRODUCT_BUNDLE_IDENTIFIER = com.sharukhhasan.Handshake;
				PRODUCT_NAME = "$(TARGET_NAME)";
			};
			name = Debug;
		};
		D0F177D11C818A5D00691260 /* Release */ = {
			isa = XCBuildConfiguration;
			baseConfigurationReference = A038572729802C082A8EDF6B /* Pods-Handshake.release.xcconfig */;
			buildSettings = {
				ASSETCATALOG_COMPILER_APPICON_NAME = AppIcon;
				INFOPLIST_FILE = Handshake/Info.plist;
				LD_RUNPATH_SEARCH_PATHS = "$(inherited) @executable_path/Frameworks";
				PRODUCT_BUNDLE_IDENTIFIER = com.sharukhhasan.Handshake;
				PRODUCT_NAME = "$(TARGET_NAME)";
			};
			name = Release;
		};
		D0F177D31C818A5D00691260 /* Debug */ = {
			isa = XCBuildConfiguration;
			baseConfigurationReference = AA8815D8E91BB82E0091F63F /* Pods-HandshakeTests.debug.xcconfig */;
			buildSettings = {
				BUNDLE_LOADER = "$(TEST_HOST)";
				INFOPLIST_FILE = HandshakeTests/Info.plist;
				LD_RUNPATH_SEARCH_PATHS = "$(inherited) @executable_path/Frameworks @loader_path/Frameworks";
				PRODUCT_BUNDLE_IDENTIFIER = com.tintpoint.HandshakeTests;
				PRODUCT_NAME = "$(TARGET_NAME)";
				TEST_HOST = "$(BUILT_PRODUCTS_DIR)/Handshake.app/Handshake";
			};
			name = Debug;
		};
		D0F177D41C818A5D00691260 /* Release */ = {
			isa = XCBuildConfiguration;
			baseConfigurationReference = 5997BFE717F51F74EDB7C0BD /* Pods-HandshakeTests.release.xcconfig */;
			buildSettings = {
				BUNDLE_LOADER = "$(TEST_HOST)";
				INFOPLIST_FILE = HandshakeTests/Info.plist;
				LD_RUNPATH_SEARCH_PATHS = "$(inherited) @executable_path/Frameworks @loader_path/Frameworks";
				PRODUCT_BUNDLE_IDENTIFIER = com.tintpoint.HandshakeTests;
				PRODUCT_NAME = "$(TARGET_NAME)";
				TEST_HOST = "$(BUILT_PRODUCTS_DIR)/Handshake.app/Handshake";
			};
			name = Release;
		};
		D0F177D61C818A5D00691260 /* Debug */ = {
			isa = XCBuildConfiguration;
			baseConfigurationReference = 54DE2B8FAD1F3317F795B4ED /* Pods-HandshakeUITests.debug.xcconfig */;
			buildSettings = {
				INFOPLIST_FILE = HandshakeUITests/Info.plist;
				LD_RUNPATH_SEARCH_PATHS = "$(inherited) @executable_path/Frameworks @loader_path/Frameworks";
				PRODUCT_BUNDLE_IDENTIFIER = com.tintpoint.HandshakeUITests;
				PRODUCT_NAME = "$(TARGET_NAME)";
				TEST_TARGET_NAME = Handshake;
				USES_XCTRUNNER = YES;
			};
			name = Debug;
		};
		D0F177D71C818A5D00691260 /* Release */ = {
			isa = XCBuildConfiguration;
			baseConfigurationReference = 053610478AA30F6B653E140A /* Pods-HandshakeUITests.release.xcconfig */;
			buildSettings = {
				INFOPLIST_FILE = HandshakeUITests/Info.plist;
				LD_RUNPATH_SEARCH_PATHS = "$(inherited) @executable_path/Frameworks @loader_path/Frameworks";
				PRODUCT_BUNDLE_IDENTIFIER = com.tintpoint.HandshakeUITests;
				PRODUCT_NAME = "$(TARGET_NAME)";
				TEST_TARGET_NAME = Handshake;
				USES_XCTRUNNER = YES;
			};
			name = Release;
		};
/* End XCBuildConfiguration section */

/* Begin XCConfigurationList section */
		D0F1779F1C818A5C00691260 /* Build configuration list for PBXProject "Handshake" */ = {
			isa = XCConfigurationList;
			buildConfigurations = (
				D0F177CD1C818A5D00691260 /* Debug */,
				D0F177CE1C818A5D00691260 /* Release */,
			);
			defaultConfigurationIsVisible = 0;
			defaultConfigurationName = Release;
		};
		D0F177CF1C818A5D00691260 /* Build configuration list for PBXNativeTarget "Handshake" */ = {
			isa = XCConfigurationList;
			buildConfigurations = (
				D0F177D01C818A5D00691260 /* Debug */,
				D0F177D11C818A5D00691260 /* Release */,
			);
			defaultConfigurationIsVisible = 0;
			defaultConfigurationName = Release;
		};
		D0F177D21C818A5D00691260 /* Build configuration list for PBXNativeTarget "HandshakeTests" */ = {
			isa = XCConfigurationList;
			buildConfigurations = (
				D0F177D31C818A5D00691260 /* Debug */,
				D0F177D41C818A5D00691260 /* Release */,
			);
			defaultConfigurationIsVisible = 0;
			defaultConfigurationName = Release;
		};
		D0F177D51C818A5D00691260 /* Build configuration list for PBXNativeTarget "HandshakeUITests" */ = {
			isa = XCConfigurationList;
			buildConfigurations = (
				D0F177D61C818A5D00691260 /* Debug */,
				D0F177D71C818A5D00691260 /* Release */,
			);
			defaultConfigurationIsVisible = 0;
			defaultConfigurationName = Release;
		};
/* End XCConfigurationList section */

/* Begin XCVersionGroup section */
		D0F177AE1C818A5C00691260 /* Handshake.xcdatamodeld */ = {
			isa = XCVersionGroup;
			children = (
				D0F177AF1C818A5C00691260 /* Handshake.xcdatamodel */,
			);
			currentVersion = D0F177AF1C818A5C00691260 /* Handshake.xcdatamodel */;
			path = Handshake.xcdatamodeld;
			sourceTree = "<group>";
			versionGroupType = wrapper.xcdatamodel;
		};
/* End XCVersionGroup section */
	};
	rootObject = D0F1779C1C818A5C00691260 /* Project object */;
}
